
Microsoft Visual Studio Solution File, Format Version 12.00
# Visual Studio 15
VisualStudioVersion = 15.0.27703.2026
MinimumVisualStudioVersion = 10.0.40219.1
Project("{FAE04EC0-301F-11D3-BF4B-00C04F79EFBC}") = "XamlIconHostDemo", "XamlIconHostDemo\XamlIconHostDemo.csproj", "{938C7506-2CC6-434C-A0AC-FC1C0A5371F9}"
EndProject
Project("{FAE04EC0-301F-11D3-BF4B-00C04F79EFBC}") = "Peregrine.Library", "..\..\library\Peregrine.Library\Peregrine.Library.csproj", "{109C867F-EB2C-4156-B1DF-1DDA24E92750}"
EndProject
Project("{FAE04EC0-301F-11D3-BF4B-00C04F79EFBC}") = "Peregrine.WPF.Model", "..\..\library\Peregrine.WPF.Model\Peregrine.WPF.Model.csproj", "{C9800B96-FF84-4AEA-9AE1-C5908791F7D4}"
EndProject
Project("{FAE04EC0-301F-11D3-BF4B-00C04F79EFBC}") = "Peregrine.WPF.View", "..\..\library\Peregrine.WPF.View\Peregrine.WPF.View.csproj", "{EE9CC8A4-560D-4F6D-A321-460BBAE837DB}"
EndProject
Project("{FAE04EC0-301F-11D3-BF4B-00C04F79EFBC}") = "Peregrine.WPF.ViewModel", "..\..\library\Peregrine.WPF.ViewModel\Peregrine.WPF.ViewModel.csproj", "{984B8877-3396-4EB5-8037-C87A0758B667}"
EndProject
Global
	GlobalSection(SolutionConfigurationPlatforms) = preSolution
		Debug|Any CPU = Debug|Any CPU
		Release|Any CPU = Release|Any CPU
	EndGlobalSection
	GlobalSection(ProjectConfigurationPlatforms) = postSolution
		{938C7506-2CC6-434C-A0AC-FC1C0A5371F9}.Debug|Any CPU.ActiveCfg = Debug|Any CPU
		{938C7506-2CC6-434C-A0AC-FC1C0A5371F9}.Debug|Any CPU.Build.0 = Debug|Any CPU
		{938C7506-2CC6-434C-A0AC-FC1C0A5371F9}.Release|Any CPU.ActiveCfg = Release|Any CPU
		{938C7506-2CC6-434C-A0AC-FC1C0A5371F9}.Release|Any CPU.Build.0 = Release|Any CPU
		{109C867F-EB2C-4156-B1DF-1DDA24E92750}.Debug|Any CPU.ActiveCfg = Debug|Any CPU
		{109C867F-EB2C-4156-B1DF-1DDA24E92750}.Debug|Any CPU.Build.0 = Debug|Any CPU
		{109C867F-EB2C-4156-B1DF-1DDA24E92750}.Release|Any CPU.ActiveCfg = Release|Any CPU
		{109C867F-EB2C-4156-B1DF-1DDA24E92750}.Release|Any CPU.Build.0 = Release|Any CPU
		{C9800B96-FF84-4AEA-9AE1-C5908791F7D4}.Debug|Any CPU.ActiveCfg = Debug|Any CPU
		{C9800B96-FF84-4AEA-9AE1-C5908791F7D4}.Debug|Any CPU.Build.0 = Debug|Any CPU
		{C9800B96-FF84-4AEA-9AE1-C5908791F7D4}.Release|Any CPU.ActiveCfg = Release|Any CPU
		{C9800B96-FF84-4AEA-9AE1-C5908791F7D4}.Release|Any CPU.Build.0 = Release|Any CPU
		{EE9CC8A4-560D-4F6D-A321-460BBAE837DB}.Debug|Any CPU.ActiveCfg = Debug|Any CPU
		{EE9CC8A4-560D-4F6D-A321-460BBAE837DB}.Debug|Any CPU.Build.0 = Debug|Any CPU
		{EE9CC8A4-560D-4F6D-A321-460BBAE837DB}.Release|Any CPU.ActiveCfg = Release|Any CPU
		{EE9CC8A4-560D-4F6D-A321-460BBAE837DB}.Release|Any CPU.Build.0 = Release|Any CPU
		{984B8877-3396-4EB5-8037-C87A0758B667}.Debug|Any CPU.ActiveCfg = Debug|Any CPU
		{984B8877-3396-4EB5-8037-C87A0758B667}.Debug|Any CPU.Build.0 = Debug|Any CPU
		{984B8877-3396-4EB5-8037-C87A0758B667}.Release|Any CPU.ActiveCfg = Release|Any CPU
		{984B8877-3396-4EB5-8037-C87A0758B667}.Release|Any CPU.Build.0 = Release|Any CPU
	EndGlobalSection
	GlobalSection(SolutionProperties) = preSolution
		HideSolutionNode = FALSE
	EndGlobalSection
	GlobalSection(ExtensibilityGlobals) = postSolution
		SolutionGuid = {DF5F0844-2283-4A16-A4E5-148B3715F776}
	EndGlobalSection
EndGlobal
